lockfileVersion: 5.4

specifiers:
  typescript: ^4.9.3
  vite: ^3.2.4

devDependencies:
  typescript: 4.9.3
  vite: 3.2.4

packages:

  /@esbuild/android-arm/0.15.14:
    resolution: {integrity: sha512-+Rb20XXxRGisNu2WmNKk+scpanb7nL5yhuI1KR9wQFiC43ddPj/V1fmNyzlFC9bKiG4mYzxW7egtoHVcynr+OA==}
    engines: {node: '>=12'}
    cpu: [arm]
    os: [android]
    requiresBuild: true
    dev: true
    optional: true

  /@esbuild/linux-loong64/0.15.14:
    resolution: {integrity: sha512-eQi9rosGNVQFJyJWV0HCA5WZae/qWIQME7s8/j8DMvnylfBv62Pbu+zJ2eUDqNf2O4u3WB+OEXyfkpBoe194sg==}
    engines: {node: '>=12'}
    cpu: [loong64]
    os: [linux]
    requiresBuild: true
    dev: true
    optional: true

  /esbuild-android-64/0.15.14:
    resolution: {integrity: sha512-HuilVIb4rk9abT4U6bcFdU35UHOzcWVGLSjEmC58OVr96q5UiRqzDtWjPlCMugjhgUGKEs8Zf4ueIvYbOStbIg==}
    engines: {node: '>=12'}
    cpu: [x64]
    os: [android]
    requiresBuild: true
    dev: true
    optional: true

  /esbuild-android-arm64/0.15.14:
    resolution: {integrity: sha512-/QnxRVxsR2Vtf3XottAHj7hENAMW2wCs6S+OZcAbc/8nlhbAL/bCQRCVD78VtI5mdwqWkVi3wMqM94kScQCgqg==}
    engines: {node: '>=12'}
    cpu: [arm64]
    os: [android]
    requiresBuild: true
    dev: true
    optional: true

  /esbuild-darwin-64/0.15.14:
    resolution: {integrity: sha512-ToNuf1uifu8hhwWvoZJGCdLIX/1zpo8cOGnT0XAhDQXiKOKYaotVNx7pOVB1f+wHoWwTLInrOmh3EmA7Fd+8Vg==}
    engines: {node: '>=12'}
    cpu: [x64]
    os: [darwin]
    requiresBuild: true
    dev: true
    optional: true

  /esbuild-darwin-arm64/0.15.14:
    resolution: {integrity: sha512-KgGP+y77GszfYJgceO0Wi/PiRtYo5y2Xo9rhBUpxTPaBgWDJ14gqYN0+NMbu+qC2fykxXaipHxN4Scaj9tUS1A==}
    engines: {node: '>=12'}
    cpu: [arm64]
    os: [darwin]
    requiresBuild: true
    dev: true
    optional: true

  /esbuild-freebsd-64/0.15.14:
    resolution: {integrity: sha512-xr0E2n5lyWw3uFSwwUXHc0EcaBDtsal/iIfLioflHdhAe10KSctV978Te7YsfnsMKzcoGeS366+tqbCXdqDHQA==}
    engines: {node: '>=12'}
    cpu: [x64]
    os: [freebsd]
    requiresBuild: true
    dev: true
    optional: true

  /esbuild-freebsd-arm64/0.15.14:
    resolution: {integrity: sha512-8XH96sOQ4b1LhMlO10eEWOjEngmZ2oyw3pW4o8kvBcpF6pULr56eeYVP5radtgw54g3T8nKHDHYEI5AItvskZg==}
    engines: {node: '>=12'}
    cpu: [arm64]
    os: [freebsd]
    requiresBuild: true
    dev: true
    optional: true

  /esbuild-linux-32/0.15.14:
    resolution: {integrity: sha512-6ssnvwaTAi8AzKN8By2V0nS+WF5jTP7SfuK6sStGnDP7MCJo/4zHgM9oE1eQTS2jPmo3D673rckuCzRlig+HMA==}
    engines: {node: '>=12'}
    cpu: [ia32]
    os: [linux]
    requiresBuild: true
    dev: true
    optional: true

  /esbuild-linux-64/0.15.14:
    resolution: {integrity: sha512-ONySx3U0wAJOJuxGUlXBWxVKFVpWv88JEv0NZ6NlHknmDd1yCbf4AEdClSgLrqKQDXYywmw4gYDvdLsS6z0hcw==}
    engines: {node: '>=12'}
    cpu: [x64]
    os: [linux]
    requiresBuild: true
    dev: true
    optional: true

  /esbuild-linux-arm/0.15.14:
    resolution: {integrity: sha512-D2LImAIV3QzL7lHURyCHBkycVFbKwkDb1XEUWan+2fb4qfW7qAeUtul7ZIcIwFKZgPcl+6gKZmvLgPSj26RQ2Q==}
    engines: {node: '>=12'}
    cpu: [arm]
    os: [linux]
    requiresBuild: true
    dev: true
    optional: true

  /esbuild-linux-arm64/0.15.14:
    resolution: {integrity: sha512-kle2Ov6a1e5AjlHlMQl1e+c4myGTeggrRzArQFmWp6O6JoqqB9hT+B28EW4tjFWgV/NxUq46pWYpgaWXsXRPAg==}
    engines: {node: '>=12'}
    cpu: [arm64]
    os: [linux]
    requiresBuild: true
    dev: true
    optional: true

  /esbuild-linux-mips64le/0.15.14:
    resolution: {integrity: sha512-FVdMYIzOLXUq+OE7XYKesuEAqZhmAIV6qOoYahvUp93oXy0MOVTP370ECbPfGXXUdlvc0TNgkJa3YhEwyZ6MRA==}
    engines: {node: '>=12'}
    cpu: [mips64el]
    os: [linux]
    requiresBuild: true
    dev: true
    optional: true

  /esbuild-linux-ppc64le/0.15.14:
    resolution: {integrity: sha512-2NzH+iuzMDA+jjtPjuIz/OhRDf8tzbQ1tRZJI//aT25o1HKc0reMMXxKIYq/8nSHXiJSnYV4ODzTiv45s+h73w==}
    engines: {node: '>=12'}
    cpu: [ppc64]
    os: [linux]
    requiresBuild: true
    dev: true
    optional: true

  /esbuild-linux-riscv64/0.15.14:
    resolution: {integrity: sha512-VqxvutZNlQxmUNS7Ac+aczttLEoHBJ9e3OYGqnULrfipRvG97qLrAv9EUY9iSrRKBqeEbSvS9bSfstZqwz0T4Q==}
    engines: {node: '>=12'}
    cpu: [riscv64]
    os: [linux]
    requiresBuild: true
    dev: true
    optional: true

  /esbuild-linux-s390x/0.15.14:
    resolution: {integrity: sha512-+KVHEUshX5n6VP6Vp/AKv9fZIl5kr2ph8EUFmQUJnDpHwcfTSn2AQgYYm0HTBR2Mr4d0Wlr0FxF/Cs5pbFgiOw==}
    engines: {node: '>=12'}
    cpu: [s390x]
    os: [linux]
    requiresBuild: true
    dev: true
    optional: true

  /esbuild-netbsd-64/0.15.14:
    resolution: {integrity: sha512-6D/dr17piEgevIm1xJfZP2SjB9Z+g8ERhNnBdlZPBWZl+KSPUKLGF13AbvC+nzGh8IxOH2TyTIdRMvKMP0nEzQ==}
    engines: {node: '>=12'}
    cpu: [x64]
    os: [netbsd]
    requiresBuild: true
    dev: true
    optional: true

  /esbuild-openbsd-64/0.15.14:
    resolution: {integrity: sha512-rREQBIlMibBetgr2E9Lywt2Qxv2ZdpmYahR4IUlAQ1Efv/A5gYdO0/VIN3iowDbCNTLxp0bb57Vf0LFcffD6kA==}
    engines: {node: '>=12'}
    cpu: [x64]
    os: [openbsd]
    requiresBuild: true
    dev: true
    optional: true

  /esbuild-sunos-64/0.15.14:
    resolution: {integrity: sha512-DNVjSp/BY4IfwtdUAvWGIDaIjJXY5KI4uD82+15v6k/w7px9dnaDaJJ2R6Mu+KCgr5oklmFc0KjBjh311Gxl9Q==}
    engines: {node: '>=12'}
    cpu: [x64]
    os: [sunos]
    requiresBuild: true
    dev: true
    optional: true

  /esbuild-windows-32/0.15.14:
    resolution: {integrity: sha512-pHBWrcA+/oLgvViuG9FO3kNPO635gkoVrRQwe6ZY1S0jdET07xe2toUvQoJQ8KT3/OkxqUasIty5hpuKFLD+eg==}
    engines: {node: '>=12'}
    cpu: [ia32]
    os: [win32]
    requiresBuild: true
    dev: true
    optional: true

  /esbuild-windows-64/0.15.14:
    resolution: {integrity: sha512-CszIGQVk/P8FOS5UgAH4hKc9zOaFo69fe+k1rqgBHx3CSK3Opyk5lwYriIamaWOVjBt7IwEP6NALz+tkVWdFog==}
    engines: {node: '>=12'}
    cpu: [x64]
    os: [win32]
    requiresBuild: true
    dev: true
    optional: true

  /esbuild-windows-arm64/0.15.14:
    resolution: {integrity: sha512-KW9W4psdZceaS9A7Jsgl4WialOznSURvqX/oHZk3gOP7KbjtHLSsnmSvNdzagGJfxbAe30UVGXRe8q8nDsOSQw==}
    engines: {node: '>=12'}
    cpu: [arm64]
    os: [win32]
    requiresBuild: true
    dev: true
    optional: true

  /esbuild/0.15.14:
    resolution: {integrity: sha512-pJN8j42fvWLFWwSMG4luuupl2Me7mxciUOsMegKvwCmhEbJ2covUdFnihxm0FMIBV+cbwbtMoHgMCCI+pj1btQ==}
    engines: {node: '>=12'}
    hasBin: true
    requiresBuild: true
    optionalDependencies:
      '@esbuild/android-arm': 0.15.14
      '@esbuild/linux-loong64': 0.15.14
      esbuild-android-64: 0.15.14
      esbuild-android-arm64: 0.15.14
      esbuild-darwin-64: 0.15.14
      esbuild-darwin-arm64: 0.15.14
      esbuild-freebsd-64: 0.15.14
      esbuild-freebsd-arm64: 0.15.14
      esbuild-linux-32: 0.15.14
      esbuild-linux-64: 0.15.14
      esbuild-linux-arm: 0.15.14
      esbuild-linux-arm64: 0.15.14
      esbuild-linux-mips64le: 0.15.14
      esbuild-linux-ppc64le: 0.15.14
      esbuild-linux-riscv64: 0.15.14
      esbuild-linux-s390x: 0.15.14
      esbuild-netbsd-64: 0.15.14
      esbuild-openbsd-64: 0.15.14
      esbuild-sunos-64: 0.15.14
      esbuild-windows-32: 0.15.14
      esbuild-windows-64: 0.15.14
      esbuild-windows-arm64: 0.15.14
    dev: true

  /fsevents/2.3.2:
    resolution: {integrity: sha512-xiqMQR4xAeHTuB9uWm+fFRcIOgKBMiOBP+eXiyT7jsgVCq1bkVygt00oASowB7EdtpOHaaPgKt812P9ab+DDKA==}
    engines: {node: ^8.16.0 || ^10.6.0 || >=11.0.0}
    os: [darwin]
    requiresBuild: true
    dev: true
    optional: true

  /function-bind/1.1.1:
    resolution: {integrity: sha512-yIovAzMX49sF8Yl58fSCWJ5svSLuaibPxXQJFLmBObTuCr0Mf1KiPopGM9NiFjiYBCbfaa2Fh6breQ6ANVTI0A==}
    dev: true

  /has/1.0.3:
    resolution: {integrity: sha512-f2dvO0VU6Oej7RkWJGrehjbzMAjFp5/VKPp5tTpWIV4JHHZK1/BxbFRtf/siA2SWTe09caDmVtYYzWEIbBS4zw==}
    engines: {node: '>= 0.4.0'}
    dependencies:
      function-bind: 1.1.1
    dev: true

  /is-core-module/2.11.0:
    resolution: {integrity: sha512-RRjxlvLDkD1YJwDbroBHMb+cukurkDWNyHx7D3oNB5x9rb5ogcksMC5wHCadcXoo67gVr/+3GFySh3134zi6rw==}
    dependencies:
      has: 1.0.3
    dev: true

  /nanoid/3.3.4:
    resolution: {integrity: sha512-MqBkQh/OHTS2egovRtLk45wEyNXwF+cokD+1YPf9u5VfJiRdAiRwB2froX5Co9Rh20xs4siNPm8naNotSD6RBw==}
    engines: {node: ^10 || ^12 || ^13.7 || ^14 || >=15.0.1}
    hasBin: true
    dev: true

  /path-parse/1.0.7:
    resolution: {integrity: sha512-LDJzPVEEEPR+y48z93A0Ed0yXb8pAByGWo/k5YYdYgpY2/2EsOsksJrq7lOHxryrVOn1ejG6oAp8ahvOIQD8sw==}
    dev: true

  /picocolors/1.0.0:
    resolution: {integrity: sha512-1fygroTLlHu66zi26VoTDv8yRgm0Fccecssto+MhsZ0D/DGW2sm8E8AjW7NU5VVTRt5GxbeZ5qBuJr+HyLYkjQ==}
    dev: true

  /postcss/8.4.19:
    resolution: {integrity: sha512-h+pbPsyhlYj6N2ozBmHhHrs9DzGmbaarbLvWipMRO7RLS+v4onj26MPFXA5OBYFxyqYhUJK456SwDcY9H2/zsA==}
    engines: {node: ^10 || ^12 || >=14}
    dependencies:
      nanoid: 3.3.4
      picocolors: 1.0.0
      source-map-js: 1.0.2
    dev: true

  /resolve/1.22.1:
    resolution: {integrity: sha512-nBpuuYuY5jFsli/JIs1oldw6fOQCBioohqWZg/2hiaOybXOft4lonv85uDOKXdf8rhyK159cxU5cDcK/NKk8zw==}
    hasBin: true
    dependencies:
      is-core-module: 2.11.0
      path-parse: 1.0.7
      supports-preserve-symlinks-flag: 1.0.0
    dev: true

  /rollup/2.79.1:
    resolution: {integrity: sha512-uKxbd0IhMZOhjAiD5oAFp7BqvkA4Dv47qpOCtaNvng4HBwdbWtdOh8f5nZNuk2rp51PMGk3bzfWu5oayNEuYnw==}
    engines: {node: '>=10.0.0'}
    hasBin: true
    optionalDependencies:
      fsevents: 2.3.2
    dev: true

  /source-map-js/1.0.2:
    resolution: {integrity: sha512-R0XvVJ9WusLiqTCEiGCmICCMplcCkIwwR11mOSD9CR5u+IXYdiseeEuXCVAjS54zqwkLcPNnmU4OeJ6tUrWhDw==}
    engines: {node: '>=0.10.0'}
    dev: true

  /supports-preserve-symlinks-flag/1.0.0:
    resolution: {integrity: sha512-ot0WnXS9fgdkgIcePe6RHNk1WA8+muPa6cSjeR3V8K27q9BB1rTE3R1p7Hv0z1ZyAc8s6Vvv8DIyWf681MAt0w==}
    engines: {node: '>= 0.4'}
    dev: true

  /typescript/4.9.3:
    resolution: {integrity: sha512-CIfGzTelbKNEnLpLdGFgdyKhG23CKdKgQPOBc+OUNrkJ2vr+KSzsSV5kq5iWhEQbok+quxgGzrAtGWCyU7tHnA==}
    engines: {node: '>=4.2.0'}
    hasBin: true
    dev: true

  /vite/3.2.4:
    resolution: {integrity: sha512-Z2X6SRAffOUYTa+sLy3NQ7nlHFU100xwanq1WDwqaiFiCe+25zdxP1TfCS5ojPV2oDDcXudHIoPnI1Z/66B7Yw==}
    engines: {node: ^14.18.0 || >=16.0.0}
    hasBin: true
    peerDependencies:
      '@types/node': '>= 14'
      less: '*'
      sass: '*'
      stylus: '*'
      sugarss: '*'
      terser: ^5.4.0
    peerDependenciesMeta:
      '@types/node':
        optional: true
      less:
        optional: true
      sass:
        optional: true
      stylus:
        optional: true
      sugarss:
        optional: true
      terser:
        optional: true
    dependencies:
      esbuild: 0.15.14
      postcss: 8.4.19
      resolve: 1.22.1
      rollup: 2.79.1
    optionalDependencies:
      fsevents: 2.3.2
    dev: true
